
Microsoft Visual Studio Solution File, Format Version 12.00
Project("{2150E333-8FDC-42A3-9474-1A3956D46DE8}") = "src", "src", "{AAEA1F2A-8135-48E2-AF3D-2C93B6EE8F8A}"
EndProject
Project("{2150E333-8FDC-42A3-9474-1A3956D46DE8}") = "common", "common", "{AE51355B-950D-4DEF-AE67-0E9E94DBC1A3}"
	ProjectSection(SolutionItems) = preProject
		hw3.1.docker-compose.yml = hw3.1.docker-compose.yml
		README.md = README.md
		hw3.2.docker-compose.yml = hw3.2.docker-compose.yml
		docker-settings\prometheus.yml = docker-settings\prometheus.yml
		docker-settings\bash_help.sh = docker-settings\bash_help.sh
		docker-settings\hw3.master_setup.sh = docker-settings\hw3.master_setup.sh
		postman_collections\hw1.SocialNetworkAPI.postman_collection.json = postman_collections\hw1.SocialNetworkAPI.postman_collection.json
		docker-settings\Dockerfile.PostgreSql.Replica = docker-settings\Dockerfile.PostgreSql.Replica
		docker-settings\hw3.replica_entrypoint.sh = docker-settings\hw3.replica_entrypoint.sh
		hw4.docker-compose.yml = hw4.docker-compose.yml
		hw5.1.docker-compose.yml = hw5.1.docker-compose.yml
		hw5.README.md = hw5.README.md
		hw5.2.docker-compose.yml = hw5.2.docker-compose.yml
		hw6.README.md = hw6.README.md
		hw6.docker-compose.yml = hw6.docker-compose.yml
		hw7.docker-compose.yml = hw7.docker-compose.yml
		hw7.README.md = hw7.README.md
		hw8.README.md = hw8.README.md
		hw8.docker-compose.yml = hw8.docker-compose.yml
		hw9.docker-compose.yml = hw9.docker-compose.yml
		hw9.README.md = hw9.README.md
	EndProjectSection
EndProject
Project("{FAE04EC0-301F-11D3-BF4B-00C04F79EFBC}") = "SocialNetworkApi", "src\SocialNetworkApi\SocialNetworkApi.csproj", "{AEC279F3-C019-470D-9615-01B4D2DAF7D0}"
EndProject
Project("{FAE04EC0-301F-11D3-BF4B-00C04F79EFBC}") = "SocialNetwork.Domain", "src\SocialNetwork.Domain\SocialNetwork.Domain.csproj", "{849DA60A-B2EF-43CF-9B65-162EB5992D41}"
EndProject
Project("{FAE04EC0-301F-11D3-BF4B-00C04F79EFBC}") = "SocialNetwork.DataAccess", "src\SocialNetwork.DataAccess\SocialNetwork.DataAccess.csproj", "{4D4F06EC-54E0-4B27-9D1C-6E14FBD925D3}"
EndProject
Project("{FAE04EC0-301F-11D3-BF4B-00C04F79EFBC}") = "SocialNetwork.Application", "src\SocialNetwork.Application\SocialNetwork.Application.csproj", "{2D90B652-EDC6-43EE-B509-541BD0225015}"
EndProject
Project("{FAE04EC0-301F-11D3-BF4B-00C04F79EFBC}") = "SocialNetwork.DbMigrator", "src\SocialNetwork.DbMigrator\SocialNetwork.DbMigrator.csproj", "{F9E2F6E2-348B-4A06-8499-C347413549C2}"
EndProject
Project("{FAE04EC0-301F-11D3-BF4B-00C04F79EFBC}") = "SocialNetwork.Dialog.DataAccess", "src\SocialNetwork.Dialog.DataAccess\SocialNetwork.Dialog.DataAccess.csproj", "{383E30C8-DF8D-45AA-BCA6-B5F914A29FC3}"
EndProject
Project("{FAE04EC0-301F-11D3-BF4B-00C04F79EFBC}") = "SocialNetwork.Dialog.Grpc", "src\SocialNetwork.Dialog.Grpc\SocialNetwork.Dialog.Grpc.csproj", "{48D6ED16-D2F2-4A24-B42B-A338C240D457}"
EndProject
Project("{FAE04EC0-301F-11D3-BF4B-00C04F79EFBC}") = "SocialNetwork.Dialog", "src\SocialNetwork.Dialog\SocialNetwork.Dialog.csproj", "{821E5838-07F7-4802-A073-8F8489AA5B98}"
EndProject
Global
	GlobalSection(SolutionConfigurationPlatforms) = preSolution
		Debug|Any CPU = Debug|Any CPU
		Release|Any CPU = Release|Any CPU
	EndGlobalSection
	GlobalSection(ProjectConfigurationPlatforms) = postSolution
		{AEC279F3-C019-470D-9615-01B4D2DAF7D0}.Debug|Any CPU.ActiveCfg = Debug|Any CPU
		{AEC279F3-C019-470D-9615-01B4D2DAF7D0}.Debug|Any CPU.Build.0 = Debug|Any CPU
		{AEC279F3-C019-470D-9615-01B4D2DAF7D0}.Release|Any CPU.ActiveCfg = Release|Any CPU
		{AEC279F3-C019-470D-9615-01B4D2DAF7D0}.Release|Any CPU.Build.0 = Release|Any CPU
		{849DA60A-B2EF-43CF-9B65-162EB5992D41}.Debug|Any CPU.ActiveCfg = Debug|Any CPU
		{849DA60A-B2EF-43CF-9B65-162EB5992D41}.Debug|Any CPU.Build.0 = Debug|Any CPU
		{849DA60A-B2EF-43CF-9B65-162EB5992D41}.Release|Any CPU.ActiveCfg = Release|Any CPU
		{849DA60A-B2EF-43CF-9B65-162EB5992D41}.Release|Any CPU.Build.0 = Release|Any CPU
		{4D4F06EC-54E0-4B27-9D1C-6E14FBD925D3}.Debug|Any CPU.ActiveCfg = Debug|Any CPU
		{4D4F06EC-54E0-4B27-9D1C-6E14FBD925D3}.Debug|Any CPU.Build.0 = Debug|Any CPU
		{4D4F06EC-54E0-4B27-9D1C-6E14FBD925D3}.Release|Any CPU.ActiveCfg = Release|Any CPU
		{4D4F06EC-54E0-4B27-9D1C-6E14FBD925D3}.Release|Any CPU.Build.0 = Release|Any CPU
		{2D90B652-EDC6-43EE-B509-541BD0225015}.Debug|Any CPU.ActiveCfg = Debug|Any CPU
		{2D90B652-EDC6-43EE-B509-541BD0225015}.Debug|Any CPU.Build.0 = Debug|Any CPU
		{2D90B652-EDC6-43EE-B509-541BD0225015}.Release|Any CPU.ActiveCfg = Release|Any CPU
		{2D90B652-EDC6-43EE-B509-541BD0225015}.Release|Any CPU.Build.0 = Release|Any CPU
		{F9E2F6E2-348B-4A06-8499-C347413549C2}.Debug|Any CPU.ActiveCfg = Debug|Any CPU
		{F9E2F6E2-348B-4A06-8499-C347413549C2}.Debug|Any CPU.Build.0 = Debug|Any CPU
		{F9E2F6E2-348B-4A06-8499-C347413549C2}.Release|Any CPU.ActiveCfg = Release|Any CPU
		{F9E2F6E2-348B-4A06-8499-C347413549C2}.Release|Any CPU.Build.0 = Release|Any CPU
		{383E30C8-DF8D-45AA-BCA6-B5F914A29FC3}.Debug|Any CPU.ActiveCfg = Debug|Any CPU
		{383E30C8-DF8D-45AA-BCA6-B5F914A29FC3}.Debug|Any CPU.Build.0 = Debug|Any CPU
		{383E30C8-DF8D-45AA-BCA6-B5F914A29FC3}.Release|Any CPU.ActiveCfg = Release|Any CPU
		{383E30C8-DF8D-45AA-BCA6-B5F914A29FC3}.Release|Any CPU.Build.0 = Release|Any CPU
		{48D6ED16-D2F2-4A24-B42B-A338C240D457}.Debug|Any CPU.ActiveCfg = Debug|Any CPU
		{48D6ED16-D2F2-4A24-B42B-A338C240D457}.Debug|Any CPU.Build.0 = Debug|Any CPU
		{48D6ED16-D2F2-4A24-B42B-A338C240D457}.Release|Any CPU.ActiveCfg = Release|Any CPU
		{48D6ED16-D2F2-4A24-B42B-A338C240D457}.Release|Any CPU.Build.0 = Release|Any CPU
		{821E5838-07F7-4802-A073-8F8489AA5B98}.Debug|Any CPU.ActiveCfg = Debug|Any CPU
		{821E5838-07F7-4802-A073-8F8489AA5B98}.Debug|Any CPU.Build.0 = Debug|Any CPU
		{821E5838-07F7-4802-A073-8F8489AA5B98}.Release|Any CPU.ActiveCfg = Release|Any CPU
		{821E5838-07F7-4802-A073-8F8489AA5B98}.Release|Any CPU.Build.0 = Release|Any CPU
	EndGlobalSection
	GlobalSection(NestedProjects) = preSolution
		{AEC279F3-C019-470D-9615-01B4D2DAF7D0} = {AAEA1F2A-8135-48E2-AF3D-2C93B6EE8F8A}
		{849DA60A-B2EF-43CF-9B65-162EB5992D41} = {AAEA1F2A-8135-48E2-AF3D-2C93B6EE8F8A}
		{4D4F06EC-54E0-4B27-9D1C-6E14FBD925D3} = {AAEA1F2A-8135-48E2-AF3D-2C93B6EE8F8A}
		{2D90B652-EDC6-43EE-B509-541BD0225015} = {AAEA1F2A-8135-48E2-AF3D-2C93B6EE8F8A}
		{F9E2F6E2-348B-4A06-8499-C347413549C2} = {AAEA1F2A-8135-48E2-AF3D-2C93B6EE8F8A}
		{383E30C8-DF8D-45AA-BCA6-B5F914A29FC3} = {AAEA1F2A-8135-48E2-AF3D-2C93B6EE8F8A}
		{48D6ED16-D2F2-4A24-B42B-A338C240D457} = {AAEA1F2A-8135-48E2-AF3D-2C93B6EE8F8A}
		{821E5838-07F7-4802-A073-8F8489AA5B98} = {AAEA1F2A-8135-48E2-AF3D-2C93B6EE8F8A}
	EndGlobalSection
EndGlobal
